
Microsoft Visual Studio Solution File, Format Version 12.00
# Visual Studio Version 16
VisualStudioVersion = 16.0.30907.101
MinimumVisualStudioVersion = 10.0.40219.1
Project("{FAE04EC0-301F-11D3-BF4B-00C04F79EFBC}") = "Tetris", "Tetris\Tetris.csproj", "{A14D0F1B-548D-4107-B547-B34E490143CB}"
EndProject
Global
	GlobalSection(SolutionConfigurationPlatforms) = preSolution
		Debug|Any CPU = Debug|Any CPU
		Release|Any CPU = Release|Any CPU
	EndGlobalSection
	GlobalSection(ProjectConfigurationPlatforms) = postSolution
		{A14D0F1B-548D-4107-B547-B34E490143CB}.Debug|Any CPU.ActiveCfg = Debug|Any CPU
		{A14D0F1B-548D-4107-B547-B34E490143CB}.Debug|Any CPU.Build.0 = Debug|Any CPU
		{A14D0F1B-548D-4107-B547-B34E490143CB}.Release|Any CPU.ActiveCfg = Release|Any CPU
		{A14D0F1B-548D-4107-B547-B34E490143CB}.Release|Any CPU.Build.0 = Release|Any CPU
	EndGlobalSection
	GlobalSection(SolutionProperties) = preSolution
		HideSolutionNode = FALSE
	EndGlobalSection
	GlobalSection(ExtensibilityGlobals) = postSolution
		SolutionGuid = {99CBA697-8C7F-45D7-A0A2-9EACF09A80E4}
	EndGlobalSection
EndGlobal
